
Microsoft Visual Studio Solution File, Format Version 12.00
# Visual Studio Version 17
VisualStudioVersion = 17.0.31919.166
MinimumVisualStudioVersion = 10.0.40219.1
Project("{8BC9CEB8-8B4A-11D0-8D11-00A0C91BC942}") = "comm", "comm\comm.vcxproj", "{9416C92E-170D-4E1B-B253-F169B319CABC}"
EndProject
Project("{8BC9CEB8-8B4A-11D0-8D11-00A0C91BC942}") = "comm_tests", "comm_tests\comm_tests.vcxproj", "{BA69BDA9-FC42-4350-9D46-67C4793C8EC0}"
	ProjectSection(ProjectDependencies) = postProject
		{9416C92E-170D-4E1B-B253-F169B319CABC} = {9416C92E-170D-4E1B-B253-F169B319CABC}
		{86503E70-3372-43D1-80D0-F2F1AC9D4FF1} = {86503E70-3372-43D1-80D0-F2F1AC9D4FF1}
		{49E4CF91-F8C8-4C30-B2A1-EB1B6C29FAEE} = {49E4CF91-F8C8-4C30-B2A1-EB1B6C29FAEE}
	EndProjectSection
EndProject
Project("{8BC9CEB8-8B4A-11D0-8D11-00A0C91BC942}") = "client_demo", "client_demo\client_demo.vcxproj", "{49E4CF91-F8C8-4C30-B2A1-EB1B6C29FAEE}"
	ProjectSection(ProjectDependencies) = postProject
		{9416C92E-170D-4E1B-B253-F169B319CABC} = {9416C92E-170D-4E1B-B253-F169B319CABC}
	EndProjectSection
EndProject
Project("{8BC9CEB8-8B4A-11D0-8D11-00A0C91BC942}") = "server_demo", "server_demo\server_demo.vcxproj", "{86503E70-3372-43D1-80D0-F2F1AC9D4FF1}"
	ProjectSection(ProjectDependencies) = postProject
		{9416C92E-170D-4E1B-B253-F169B319CABC} = {9416C92E-170D-4E1B-B253-F169B319CABC}
	EndProjectSection
EndProject
Global
	GlobalSection(SolutionConfigurationPlatforms) = preSolution
		Debug|x64 = Debug|x64
		Debug|x86 = Debug|x86
		Release|x64 = Release|x64
		Release|x86 = Release|x86
	EndGlobalSection
	GlobalSection(ProjectConfigurationPlatforms) = postSolution
		{9416C92E-170D-4E1B-B253-F169B319CABC}.Debug|x64.ActiveCfg = Debug|x64
		{9416C92E-170D-4E1B-B253-F169B319CABC}.Debug|x64.Build.0 = Debug|x64
		{9416C92E-170D-4E1B-B253-F169B319CABC}.Debug|x86.ActiveCfg = Debug|Win32
		{9416C92E-170D-4E1B-B253-F169B319CABC}.Debug|x86.Build.0 = Debug|Win32
		{9416C92E-170D-4E1B-B253-F169B319CABC}.Release|x64.ActiveCfg = Release|x64
		{9416C92E-170D-4E1B-B253-F169B319CABC}.Release|x64.Build.0 = Release|x64
		{9416C92E-170D-4E1B-B253-F169B319CABC}.Release|x86.ActiveCfg = Release|Win32
		{9416C92E-170D-4E1B-B253-F169B319CABC}.Release|x86.Build.0 = Release|Win32
		{BA69BDA9-FC42-4350-9D46-67C4793C8EC0}.Debug|x64.ActiveCfg = Debug|x64
		{BA69BDA9-FC42-4350-9D46-67C4793C8EC0}.Debug|x64.Build.0 = Debug|x64
		{BA69BDA9-FC42-4350-9D46-67C4793C8EC0}.Debug|x86.ActiveCfg = Debug|Win32
		{BA69BDA9-FC42-4350-9D46-67C4793C8EC0}.Debug|x86.Build.0 = Debug|Win32
		{BA69BDA9-FC42-4350-9D46-67C4793C8EC0}.Release|x64.ActiveCfg = Release|x64
		{BA69BDA9-FC42-4350-9D46-67C4793C8EC0}.Release|x64.Build.0 = Release|x64
		{BA69BDA9-FC42-4350-9D46-67C4793C8EC0}.Release|x86.ActiveCfg = Release|Win32
		{BA69BDA9-FC42-4350-9D46-67C4793C8EC0}.Release|x86.Build.0 = Release|Win32
		{49E4CF91-F8C8-4C30-B2A1-EB1B6C29FAEE}.Debug|x64.ActiveCfg = Debug|x64
		{49E4CF91-F8C8-4C30-B2A1-EB1B6C29FAEE}.Debug|x64.Build.0 = Debug|x64
		{49E4CF91-F8C8-4C30-B2A1-EB1B6C29FAEE}.Debug|x86.ActiveCfg = Debug|Win32
		{49E4CF91-F8C8-4C30-B2A1-EB1B6C29FAEE}.Debug|x86.Build.0 = Debug|Win32
		{49E4CF91-F8C8-4C30-B2A1-EB1B6C29FAEE}.Release|x64.ActiveCfg = Release|x64
		{49E4CF91-F8C8-4C30-B2A1-EB1B6C29FAEE}.Release|x64.Build.0 = Release|x64
		{49E4CF91-F8C8-4C30-B2A1-EB1B6C29FAEE}.Release|x86.ActiveCfg = Release|Win32
		{49E4CF91-F8C8-4C30-B2A1-EB1B6C29FAEE}.Release|x86.Build.0 = Release|Win32
		{86503E70-3372-43D1-80D0-F2F1AC9D4FF1}.Debug|x64.ActiveCfg = Debug|x64
		{86503E70-3372-43D1-80D0-F2F1AC9D4FF1}.Debug|x64.Build.0 = Debug|x64
		{86503E70-3372-43D1-80D0-F2F1AC9D4FF1}.Debug|x86.ActiveCfg = Debug|Win32
		{86503E70-3372-43D1-80D0-F2F1AC9D4FF1}.Debug|x86.Build.0 = Debug|Win32
		{86503E70-3372-43D1-80D0-F2F1AC9D4FF1}.Release|x64.ActiveCfg = Release|x64
		{86503E70-3372-43D1-80D0-F2F1AC9D4FF1}.Release|x64.Build.0 = Release|x64
		{86503E70-3372-43D1-80D0-F2F1AC9D4FF1}.Release|x86.ActiveCfg = Release|Win32
		{86503E70-3372-43D1-80D0-F2F1AC9D4FF1}.Release|x86.Build.0 = Release|Win32
	EndGlobalSection
	GlobalSection(SolutionProperties) = preSolution
		HideSolutionNode = FALSE
	EndGlobalSection
	GlobalSection(ExtensibilityGlobals) = postSolution
		SolutionGuid = {40902DD4-0337-4550-ADEC-CD0EFF1A6175}
	EndGlobalSection
EndGlobal
